
Microsoft Visual Studio Solution File, Format Version 12.00
# Visual Studio 2012
Project("{FAE04EC0-301F-11D3-BF4B-00C04F79EFBC}") = "SQMGagagu", "SQMGagagu\SQMGagagu.csproj", "{6F9E8D9F-21F1-455E-AEF3-F41B0AFDBDAE}"
EndProject
Project("{FAE04EC0-301F-11D3-BF4B-00C04F79EFBC}") = "TestApp", "TestApp\TestApp.csproj", "{B1C1A20D-EADE-4EE1-B542-2B35538FA538}"
	ProjectSection(ProjectDependencies) = postProject
		{6F9E8D9F-21F1-455E-AEF3-F41B0AFDBDAE} = {6F9E8D9F-21F1-455E-AEF3-F41B0AFDBDAE}
	EndProjectSection
EndProject
Global
	GlobalSection(SolutionConfigurationPlatforms) = preSolution
		Debug|Any CPU = Debug|Any CPU
		Release|Any CPU = Release|Any CPU
	EndGlobalSection
	GlobalSection(ProjectConfigurationPlatforms) = postSolution
		{6F9E8D9F-21F1-455E-AEF3-F41B0AFDBDAE}.Debug|Any CPU.ActiveCfg = Debug|Any CPU
		{6F9E8D9F-21F1-455E-AEF3-F41B0AFDBDAE}.Debug|Any CPU.Build.0 = Debug|Any CPU
		{6F9E8D9F-21F1-455E-AEF3-F41B0AFDBDAE}.Release|Any CPU.ActiveCfg = Release|Any CPU
		{6F9E8D9F-21F1-455E-AEF3-F41B0AFDBDAE}.Release|Any CPU.Build.0 = Release|Any CPU
		{B1C1A20D-EADE-4EE1-B542-2B35538FA538}.Debug|Any CPU.ActiveCfg = Debug|Any CPU
		{B1C1A20D-EADE-4EE1-B542-2B35538FA538}.Debug|Any CPU.Build.0 = Debug|Any CPU
		{B1C1A20D-EADE-4EE1-B542-2B35538FA538}.Release|Any CPU.ActiveCfg = Release|Any CPU
		{B1C1A20D-EADE-4EE1-B542-2B35538FA538}.Release|Any CPU.Build.0 = Release|Any CPU
	EndGlobalSection
	GlobalSection(SolutionProperties) = preSolution
		HideSolutionNode = FALSE
	EndGlobalSection
EndGlobal
